
Microsoft Visual Studio Solution File, Format Version 12.00
# Visual Studio Version 17
VisualStudioVersion = 17.2.32519.379
MinimumVisualStudioVersion = 10.0.40219.1
Project("{FAE04EC0-301F-11D3-BF4B-00C04F79EFBC}") = "BlazorFullStackCrud.Server", "BlazorFullStackCrud\Server\BlazorFullStackCrud.Server.csproj", "{FF05AA10-3336-42CA-89EE-371591A461A5}"
EndProject
Project("{FAE04EC0-301F-11D3-BF4B-00C04F79EFBC}") = "BlazorFullStackCrud.Client", "BlazorFullStackCrud\Client\BlazorFullStackCrud.Client.csproj", "{52657BBA-ABC4-4091-A9D2-95BF8010A330}"
EndProject
Project("{FAE04EC0-301F-11D3-BF4B-00C04F79EFBC}") = "BlazorFullStackCrud.Shared", "BlazorFullStackCrud\Shared\BlazorFullStackCrud.Shared.csproj", "{78F7CA5F-0692-4EDB-95A5-1E68BC2A43C1}"
EndProject
Global
	GlobalSection(SolutionConfigurationPlatforms) = preSolution
		Debug|Any CPU = Debug|Any CPU
		Release|Any CPU = Release|Any CPU
	EndGlobalSection
	GlobalSection(ProjectConfigurationPlatforms) = postSolution
		{FF05AA10-3336-42CA-89EE-371591A461A5}.Debug|Any CPU.ActiveCfg = Debug|Any CPU
		{FF05AA10-3336-42CA-89EE-371591A461A5}.Debug|Any CPU.Build.0 = Debug|Any CPU
		{FF05AA10-3336-42CA-89EE-371591A461A5}.Release|Any CPU.ActiveCfg = Release|Any CPU
		{FF05AA10-3336-42CA-89EE-371591A461A5}.Release|Any CPU.Build.0 = Release|Any CPU
		{52657BBA-ABC4-4091-A9D2-95BF8010A330}.Debug|Any CPU.ActiveCfg = Debug|Any CPU
		{52657BBA-ABC4-4091-A9D2-95BF8010A330}.Debug|Any CPU.Build.0 = Debug|Any CPU
		{52657BBA-ABC4-4091-A9D2-95BF8010A330}.Release|Any CPU.ActiveCfg = Release|Any CPU
		{52657BBA-ABC4-4091-A9D2-95BF8010A330}.Release|Any CPU.Build.0 = Release|Any CPU
		{78F7CA5F-0692-4EDB-95A5-1E68BC2A43C1}.Debug|Any CPU.ActiveCfg = Debug|Any CPU
		{78F7CA5F-0692-4EDB-95A5-1E68BC2A43C1}.Debug|Any CPU.Build.0 = Debug|Any CPU
		{78F7CA5F-0692-4EDB-95A5-1E68BC2A43C1}.Release|Any CPU.ActiveCfg = Release|Any CPU
		{78F7CA5F-0692-4EDB-95A5-1E68BC2A43C1}.Release|Any CPU.Build.0 = Release|Any CPU
	EndGlobalSection
	GlobalSection(SolutionProperties) = preSolution
		HideSolutionNode = FALSE
	EndGlobalSection
	GlobalSection(ExtensibilityGlobals) = postSolution
		SolutionGuid = {44AE6FE6-B231-4F78-947C-DF62F7BA1EF0}
	EndGlobalSection
EndGlobal
